{
  "nodes": {
    "basecamp": {
      "inputs": {
        "nixpkgs": [
          "nixpkgs"
        ],
        "rust-overlay": [
          "rust-overlay"
        ]
      },
      "locked": {
        "lastModified": 1726147437,
        "narHash": "sha256-lYGFe0LNg9E7BGVFuWpwIT86jhud0SH8L75d/ngbT2o=",
        "owner": "plul",
        "repo": "basecamp",
        "rev": "b7eaa106dfe2dfcd6666f925fb71dd3ef7be3169",
        "type": "github"
      },
      "original": {
        "owner": "plul",
        "repo": "basecamp",
        "type": "github"
      }
    },
    "flake-parts": {
      "inputs": {
        "nixpkgs-lib": "nixpkgs-lib"
      },
      "locked": {
        "lastModified": 1726153070,
        "narHash": "sha256-HO4zgY0ekfwO5bX0QH/3kJ/h4KvUDFZg8YpkNwIbg1U=",
        "owner": "hercules-ci",
        "repo": "flake-parts",
        "rev": "bcef6817a8b2aa20a5a6dbb19b43e63c5bf8619a",
        "type": "github"
      },
      "original": {
        "owner": "hercules-ci",
        "repo": "flake-parts",
        "type": "github"
      }
    },
    "nixpkgs": {
      "locked": {
        "lastModified": 1727716680,
        "narHash": "sha256-uMVkVHL4r3QmlZ1JM+UoJwxqa46cgHnIfqGzVlw5ca4=",
        "owner": "NixOS",
        "repo": "nixpkgs",
        "rev": "b5b22b42c0d10c7d2463e90a546c394711e3a724",
        "type": "github"
      },
      "original": {
        "owner": "NixOS",
        "ref": "nixpkgs-unstable",
        "repo": "nixpkgs",
        "type": "github"
      }
    },
    "nixpkgs-lib": {
      "locked": {
        "lastModified": 1725233747,
        "narHash": "sha256-Ss8QWLXdr2JCBPcYChJhz4xJm+h/xjl4G0c0XlP6a74=",
        "type": "tarball",
        "url": "https://github.com/NixOS/nixpkgs/archive/356624c12086a18f2ea2825fed34523d60ccc4e3.tar.gz"
      },
      "original": {
        "type": "tarball",
        "url": "https://github.com/NixOS/nixpkgs/archive/356624c12086a18f2ea2825fed34523d60ccc4e3.tar.gz"
      }
    },
    "root": {
      "inputs": {
        "basecamp": "basecamp",
        "flake-parts": "flake-parts",
        "nixpkgs": "nixpkgs",
        "rust-overlay": "rust-overlay"
      }
    },
    "rust-overlay": {
      "inputs": {
        "nixpkgs": [
          "nixpkgs"
        ]
      },
      "locked": {
        "lastModified": 1727749966,
        "narHash": "sha256-DUS8ehzqB1DQzfZ4bRXVSollJhu+y7cvh1DJ9mbWebE=",
        "owner": "oxalica",
        "repo": "rust-overlay",
        "rev": "00decf1b4f9886d25030b9ee4aed7bfddccb5f66",
        "type": "github"
      },
      "original": {
        "owner": "oxalica",
        "repo": "rust-overlay",
        "type": "github"
      }
    }
  },
  "root": "root",
  "version": 7
}
